{
  "name": "jekyll-hypertext-theme",
  "version": "1.3.0",
  "lockfileVersion": 3,
  "requires": true,
  "packages": {
    "": {
      "name": "jekyll-hypertext-theme",
      "version": "1.3.0",
      "license": "Zlib",
      "dependencies": {
        "destyle.css": "^1.0.3"
      }
    },
    "node_modules/destyle.css": {
      "version": "1.0.3",
      "resolved": "https://registry.npmjs.org/destyle.css/-/destyle.css-1.0.3.tgz",
      "integrity": "sha512-3BE9pkoRlgOgwgcEA02tm0VP+skRJInHbEBG/92Tw7nU2+9QVXvGo8D29IeeNMi5/MWqkXG83KP8XEXWl9Yj0g==",
      "license": "MIT"
    }
  }
}
