{
  "name": "jekyll-hypertext-theme",
  "version": "1.3.4",
  "lockfileVersion": 3,
  "requires": true,
  "packages": {
    "": {
      "name": "jekyll-hypertext-theme",
      "version": "1.3.4",
      "license": "Zlib",
      "dependencies": {
        "destyle.css": "^1.0.3"
      }
    },
    "node_modules/destyle.css": {
      "version": "1.0.15",
      "resolved": "https://registry.npmjs.org/destyle.css/-/destyle.css-1.0.15.tgz",
      "integrity": "sha512-ZKuiTAf4Ha2/vsJvFk5oqxSNQiA2pPTskg3KJaVZb3fYf2/X2DYuib1rYvOhZr4mkIz+r+DvMlEvI1qxKLZUKg=="
    }
  }
}
